<?xml version="1.0" encoding="UTF-8" standalone="yes" ?>
<CodeBlocks_project_file>
	<FileVersion major="1" minor="5" />
	<Project>
		<Option title="Plugin Interface" />
		<Option pch_mode="2" />
		<Option default_target="" />
		<Option compiler="gcc" />
		<Option virtualFolders="" />
		<Build>
			<Target title="Debug">
				<Option output="../lib/libfbPluginInterfaced.a" />
				<Option object_output=".objsd" />
				<Option type="2" />
				<Option compiler="gcc" />
				<Compiler>
					<Add option="-Wall" />
					<Add option="-g" />
					<Add option="-DDEBUG" />
					<Add option="-DWIN32" />
					<Add option="-D_WINDOWS" />
					<Add option="-DHAVE_W32API_H" />
					<Add option="-D__WX__" />
					<Add option="-D__WXMSW__" />
					<Add option="-D__WXDEBUG__" />
					<Add option="-DTIXML_USE_TICPP" />
					<Add option="-DWXUSINGDLL" />
					<Add directory="$(WXWIN)/include" />
					<Add directory="../tinyxml" />
				</Compiler>
				<Linker>
				</Linker>
			</Target>
			<Target title="Debug (Unicode)">
				<Option output="../lib/libfbPluginInterfaceud.a" />
				<Option object_output=".objsud" />
				<Option type="2" />
				<Option compiler="gcc" />
				<Compiler>
					<Add option="-Wall" />
					<Add option="-g" />
					<Add option="-DDEBUG" />
					<Add option="-DWIN32" />
					<Add option="-D_WINDOWS" />
					<Add option="-DHAVE_W32API_H" />
					<Add option="-D__WX__" />
					<Add option="-D__WXMSW__" />
					<Add option="-D__WXDEBUG__" />
					<Add option="-DTIXML_USE_TICPP" />
					<Add option="-DUNICODE" />
					<Add option="-D_UNICODE" />
					<Add option="-DWXUSINGDLL" />
					<Add directory="$(WXWIN)/include" />
					<Add directory="../tinyxml" />
				</Compiler>
				<Linker>
				</Linker>
			</Target>
			<Target title="Release">
				<Option output="../lib/libfbPluginInterface.a" />
				<Option object_output=".objs" />
				<Option type="2" />
				<Option compiler="gcc" />
				<Compiler>
					<Add option="-Wall" />
					<Add option="-O3" />
					<Add option="-DNDEBUG" />
					<Add option="-DWIN32" />
					<Add option="-D_WINDOWS" />
					<Add option="-DHAVE_W32API_H" />
					<Add option="-D__WX__" />
					<Add option="-D__WXMSW__" />
					<Add option="-DTIXML_USE_TICPP" />
					<Add option="-DWXUSINGDLL" />
					<Add directory="$(WXWIN)/include" />
					<Add directory="../tinyxml" />
				</Compiler>
				<Linker>
					<Add option="-s" />
				</Linker>
			</Target>
			<Target title="Release (Unicode)">
				<Option output="../lib/libfbPluginInterfaceu.a" />
				<Option object_output=".objsu" />
				<Option type="2" />
				<Option compiler="gcc" />
				<Compiler>
					<Add option="-Wall" />
					<Add option="-O3" />
					<Add option="-DNDEBUG" />
					<Add option="-DWIN32" />
					<Add option="-D_WINDOWS" />
					<Add option="-DHAVE_W32API_H" />
					<Add option="-D__WX__" />
					<Add option="-D__WXMSW__" />
					<Add option="-DTIXML_USE_TICPP" />
					<Add option="-DUNICODE" />
					<Add option="-D_UNICODE" />
					<Add option="-DWXUSINGDLL" />
					<Add directory="$(WXWIN)/include" />
					<Add directory="../tinyxml" />
				</Compiler>
				<Linker>
					<Add option="-s" />
				</Linker>
			</Target>
		</Build>
		<Unit filename="component.h">
			<Option compilerVar="CPP" />
			<Option compile="0" />
			<Option link="0" />
			<Option target="Debug" />
			<Option target="Debug (Unicode)" />
			<Option target="Release" />
			<Option target="Release (Unicode)" />
		</Unit>
		<Unit filename="plugin.h">
			<Option compilerVar="CPP" />
			<Option compile="0" />
			<Option link="0" />
			<Option target="Debug" />
			<Option target="Debug (Unicode)" />
			<Option target="Release" />
			<Option target="Release (Unicode)" />
		</Unit>
		<Unit filename="xrcconv.h">
			<Option compilerVar="CPP" />
			<Option compile="0" />
			<Option link="0" />
			<Option target="Debug" />
			<Option target="Debug (Unicode)" />
			<Option target="Release" />
			<Option target="Release (Unicode)" />
		</Unit>
		<Unit filename="xrcconv.cpp">
			<Option compilerVar="CPP" />
			<Option target="Debug" />
			<Option target="Debug (Unicode)" />
			<Option target="Release" />
			<Option target="Release (Unicode)" />
		</Unit>
		<Extensions />
	</Project>
</CodeBlocks_project_file>
