
Microsoft Visual Studio Solution File, Format Version 9.00
# Visual Studio 2005
Project("{8BC9CEB8-8B4A-11D0-8D11-00A0C91BC942}") = "wxFormBuilder", "wxFormBuilder.vcproj", "{00E39B88-2339-486C-AB39-F179600F5E6C}"
	ProjectSection(ProjectDependencies) = postProject
		{2E282FC8-4B97-423D-8347-438941C01472} = {2E282FC8-4B97-423D-8347-438941C01472}
		{69A177B3-A94D-4805-A1EF-7AA2BD3CF228} = {69A177B3-A94D-4805-A1EF-7AA2BD3CF228}
		{B01FB85C-52CD-4164-AC85-D29FD05B62A3} = {B01FB85C-52CD-4164-AC85-D29FD05B62A3}
		{C064682F-7582-406C-ADB2-D111145B890A} = {C064682F-7582-406C-ADB2-D111145B890A}
	EndProjectSection
EndProject
Project("{8BC9CEB8-8B4A-11D0-8D11-00A0C91BC942}") = "layout", "plugins\standard\layout.vcproj", "{B01FB85C-52CD-4164-AC85-D29FD05B62A3}"
	ProjectSection(ProjectDependencies) = postProject
		{2E282FC8-4B97-423D-8347-438941C01472} = {2E282FC8-4B97-423D-8347-438941C01472}
	EndProjectSection
EndProject
Project("{8BC9CEB8-8B4A-11D0-8D11-00A0C91BC942}") = "tinyxmlSTL", "..\libs\tinyxml\tinyxmlSTL.vcproj", "{2E282FC8-4B97-423D-8347-438941C01472}"
EndProject
Project("{8BC9CEB8-8B4A-11D0-8D11-00A0C91BC942}") = "additional", "plugins\standard\additional.vcproj", "{C064682F-7582-406C-ADB2-D111145B890A}"
	ProjectSection(ProjectDependencies) = postProject
		{2E282FC8-4B97-423D-8347-438941C01472} = {2E282FC8-4B97-423D-8347-438941C01472}
	EndProjectSection
EndProject
Project("{8BC9CEB8-8B4A-11D0-8D11-00A0C91BC942}") = "contrib", "plugins\standard\contrib.vcproj", "{994CB824-02B5-456B-A6C1-823E0E087869}"
	ProjectSection(ProjectDependencies) = postProject
		{2E282FC8-4B97-423D-8347-438941C01472} = {2E282FC8-4B97-423D-8347-438941C01472}
	EndProjectSection
EndProject
Project("{8BC9CEB8-8B4A-11D0-8D11-00A0C91BC942}") = "standard", "plugins\standard\standard.vcproj", "{69A177B3-A94D-4805-A1EF-7AA2BD3CF228}"
	ProjectSection(ProjectDependencies) = postProject
		{2E282FC8-4B97-423D-8347-438941C01472} = {2E282FC8-4B97-423D-8347-438941C01472}
	EndProjectSection
EndProject
Project("{2150E333-8FDC-42A3-9474-1A3956D46DE8}") = "Plugins", "Plugins", "{9D0D78FC-2765-49BE-AB42-8BC970B3D411}"
EndProject
Project("{2150E333-8FDC-42A3-9474-1A3956D46DE8}") = "Libraries", "Libraries", "{92E915A2-BDC5-49C5-873E-BA00F6005C6B}"
EndProject
Global
	GlobalSection(SolutionConfigurationPlatforms) = preSolution
		Debug|Win32 = Debug|Win32
		Release|Win32 = Release|Win32
	EndGlobalSection
	GlobalSection(ProjectConfigurationPlatforms) = postSolution
		{00E39B88-2339-486C-AB39-F179600F5E6C}.Debug|Win32.ActiveCfg = Debug|Win32
		{00E39B88-2339-486C-AB39-F179600F5E6C}.Debug|Win32.Build.0 = Debug|Win32
		{00E39B88-2339-486C-AB39-F179600F5E6C}.Release|Win32.ActiveCfg = Release|Win32
		{00E39B88-2339-486C-AB39-F179600F5E6C}.Release|Win32.Build.0 = Release|Win32
		{B01FB85C-52CD-4164-AC85-D29FD05B62A3}.Debug|Win32.ActiveCfg = Debug|Win32
		{B01FB85C-52CD-4164-AC85-D29FD05B62A3}.Debug|Win32.Build.0 = Debug|Win32
		{B01FB85C-52CD-4164-AC85-D29FD05B62A3}.Release|Win32.ActiveCfg = Release|Win32
		{B01FB85C-52CD-4164-AC85-D29FD05B62A3}.Release|Win32.Build.0 = Release|Win32
		{2E282FC8-4B97-423D-8347-438941C01472}.Debug|Win32.ActiveCfg = Debug|Win32
		{2E282FC8-4B97-423D-8347-438941C01472}.Debug|Win32.Build.0 = Debug|Win32
		{2E282FC8-4B97-423D-8347-438941C01472}.Release|Win32.ActiveCfg = Release|Win32
		{2E282FC8-4B97-423D-8347-438941C01472}.Release|Win32.Build.0 = Release|Win32
		{C064682F-7582-406C-ADB2-D111145B890A}.Debug|Win32.ActiveCfg = Debug|Win32
		{C064682F-7582-406C-ADB2-D111145B890A}.Debug|Win32.Build.0 = Debug|Win32
		{C064682F-7582-406C-ADB2-D111145B890A}.Release|Win32.ActiveCfg = Release|Win32
		{C064682F-7582-406C-ADB2-D111145B890A}.Release|Win32.Build.0 = Release|Win32
		{994CB824-02B5-456B-A6C1-823E0E087869}.Debug|Win32.ActiveCfg = Debug|Win32
		{994CB824-02B5-456B-A6C1-823E0E087869}.Debug|Win32.Build.0 = Debug|Win32
		{994CB824-02B5-456B-A6C1-823E0E087869}.Release|Win32.ActiveCfg = Release|Win32
		{994CB824-02B5-456B-A6C1-823E0E087869}.Release|Win32.Build.0 = Release|Win32
		{69A177B3-A94D-4805-A1EF-7AA2BD3CF228}.Debug|Win32.ActiveCfg = Debug|Win32
		{69A177B3-A94D-4805-A1EF-7AA2BD3CF228}.Debug|Win32.Build.0 = Debug|Win32
		{69A177B3-A94D-4805-A1EF-7AA2BD3CF228}.Release|Win32.ActiveCfg = Release|Win32
		{69A177B3-A94D-4805-A1EF-7AA2BD3CF228}.Release|Win32.Build.0 = Release|Win32
	EndGlobalSection
	GlobalSection(SolutionProperties) = preSolution
		HideSolutionNode = FALSE
	EndGlobalSection
	GlobalSection(NestedProjects) = preSolution
		{C064682F-7582-406C-ADB2-D111145B890A} = {9D0D78FC-2765-49BE-AB42-8BC970B3D411}
		{994CB824-02B5-456B-A6C1-823E0E087869} = {9D0D78FC-2765-49BE-AB42-8BC970B3D411}
		{69A177B3-A94D-4805-A1EF-7AA2BD3CF228} = {9D0D78FC-2765-49BE-AB42-8BC970B3D411}
		{B01FB85C-52CD-4164-AC85-D29FD05B62A3} = {9D0D78FC-2765-49BE-AB42-8BC970B3D411}
		{2E282FC8-4B97-423D-8347-438941C01472} = {92E915A2-BDC5-49C5-873E-BA00F6005C6B}
	EndGlobalSection
EndGlobal
