<?xml version="1.0" encoding="UTF-8" standalone="yes" ?>
<!--
wxFormBuilder - A Visual Dialog Editor for wxWidgets.
Copyright (C) 2005 José Antonio Hurtado

This program is free software; you can redistribute it and/or
modify it under the terms of the GNU General Public License
as published by the Free Software Foundation; either version 2
of the License, or (at your option) any later version.

This program is distributed in the hope that it will be useful,
but WITHOUT ANY WARRANTY; without even the implied warranty of
MERCHANTABILITY or FITNESS FOR A PARTICULAR PURPOSE.  See the
GNU General Public License for more details.

You should have received a copy of the GNU General Public License
along with this program; if not, write to the Free Software
Foundation, Inc., 59 Temple Place - Suite 330, Boston, MA  02111-1307, USA.

Created with Code::Blocks by:
  RJP Computing - rjpcomputing@gmail.com
  Ryan Mulder - rjmyst3@gmail.com
-->
<CodeBlocks_project_file>
	<FileVersion major="1" minor="6" />
	<Project>
		<Option title="wxfbTest" />
		<Option compiler="gcc" />
		<Build>
			<Target title="Debug">
				<Option output="bin\Debug\wxfbTest.exe" prefix_auto="0" extension_auto="0" />
				<Option object_output="obj\Debug\" />
				<Option type="0" />
				<Option compiler="gcc" />
				<Option projectResourceIncludeDirsRelation="0" />
				<Compiler>
					<Add option="-g" />
					<Add option="-O0" />
					<Add option="-D_DEBUG" />
					<Add option="-D__WXDEBUG" />
				</Compiler>
				<Linker>
					<Add library="wxexpatd" />
					<Add library="wxjpegd" />
					<Add library="wxpngd" />
					<Add library="wxtiffd" />
					<Add library="wxzlibd" />
				</Linker>
				<Environment>
					<Variable name="WX_SUFFIX" value="d" />
				</Environment>
			</Target>
			<Target title="Debug (Unicode)">
				<Option output="bin\DebugUnicode\wxfbTest.exe" prefix_auto="0" extension_auto="0" />
				<Option object_output="obj\DebugUnicode\" />
				<Option type="0" />
				<Option compiler="gcc" />
				<Option projectResourceIncludeDirsRelation="0" />
				<Compiler>
					<Add option="-g" />
					<Add option="-O0" />
					<Add option="-D_DEBUG" />
					<Add option="-D__WXDEBUG" />
					<Add option="-DwxUSE_UNICODE" />
					<Add option="-D_UNICODE" />
				</Compiler>
				<Linker>
					<Add library="wxexpatd" />
					<Add library="wxjpegd" />
					<Add library="wxpngd" />
					<Add library="wxtiffd" />
					<Add library="wxzlibd" />
				</Linker>
				<Environment>
					<Variable name="WX_SUFFIX" value="ud" />
				</Environment>
			</Target>
			<Target title="Release">
				<Option output="bin\Release\wxfbTest.exe" prefix_auto="0" extension_auto="0" />
				<Option object_output="obj\Release\" />
				<Option type="0" />
				<Option compiler="gcc" />
				<Option projectResourceIncludeDirsRelation="0" />
				<Compiler>
					<Add option="-Os" />
					<Add option="-O3" />
				</Compiler>
				<Linker>
					<Add option="-s" />
					<Add library="wxexpat" />
					<Add library="wxjpeg" />
					<Add library="wxpng" />
					<Add library="wxtiff" />
					<Add library="wxzlib" />
				</Linker>
			</Target>
			<Target title="Release (Unicode)">
				<Option output="bin\ReleaseUnicode\wxfbTest.exe" prefix_auto="0" extension_auto="0" />
				<Option object_output="obj\ReleaseUnicode\" />
				<Option type="0" />
				<Option compiler="gcc" />
				<Option projectResourceIncludeDirsRelation="0" />
				<Compiler>
					<Add option="-Os" />
					<Add option="-O3" />
					<Add option="-DwxUSE_UNICODE" />
					<Add option="-D_UNICODE" />
				</Compiler>
				<Linker>
					<Add option="-s" />
					<Add library="wxexpat" />
					<Add library="wxjpeg" />
					<Add library="wxpng" />
					<Add library="wxtiff" />
					<Add library="wxzlib" />
				</Linker>
				<Environment>
					<Variable name="WX_SUFFIX" value="u" />
				</Environment>
			</Target>
			<Environment>
				<Variable name="WX_VER" value="28" />
				<Variable name="WX_SUFFIX" value="" />
			</Environment>
		</Build>
		<Compiler>
			<Add option="-Wall" />
			<Add option="-include wx_pch.h" />
			<Add option="-DWIN32" />
			<Add option="-D_WINDOWS" />
			<Add option="-DHAVE_W32API_H" />
			<Add option="-DBUILD_DLL" />
			<Add option="-D__WX__" />
			<Add option="-D__WXMSW__" />
			<Add option="-DUSE_PCH" />
			<Add directory="$(#WX.include)" />
		</Compiler>
		<ResourceCompiler>
			<Add directory="$(#WX.include)" />
		</ResourceCompiler>
		<Linker>
			<Add library="wxmsw$(WX_VER)$(WX_SUFFIX)" />
			<Add library="wxregex$(WX_SUFFIX)" />
			<Add library="advapi32" />
			<Add library="comctl32" />
			<Add library="comdlg32" />
			<Add library="ctl3d32" />
			<Add library="gdi32" />
			<Add library="glu32" />
			<Add library="odbc32" />
			<Add library="odbccp32" />
			<Add library="ole32" />
			<Add library="oleaut32" />
			<Add library="opengl32" />
			<Add library="rpcrt4" />
			<Add library="shell32" />
			<Add library="shlwapi" />
			<Add library="uuid" />
			<Add library="version" />
			<Add library="winmm" />
			<Add library="winspool" />
			<Add library="wsock32" />
			<Add directory="$(#WX.lib)\gcc_lib" />
			<Add directory="$(#wxadditions.lib)\gcc_lib" />
		</Linker>
		<Unit filename="app.cpp" />
		<Unit filename="app.h" />
		<Unit filename="main.cpp" />
		<Unit filename="main.h" />
		<Unit filename="wx_pch.h">
			<Option compile="1" />
			<Option weight="0" />
		</Unit>
		<Unit filename="wxfbTest.fbp" />
		<Unit filename="wxfbTest.ico" />
		<Unit filename="wxfbTest.rc">
			<Option compilerVar="WINDRES" />
		</Unit>
		<Unit filename="wxfbTest_GUI.cpp" />
		<Unit filename="wxfbTest_GUI.h" />
		<Extensions>
			<code_completion />
		</Extensions>
	</Project>
</CodeBlocks_project_file>
